
Microsoft Visual Studio Solution File, Format Version 12.00
# Visual Studio Version 17
VisualStudioVersion = 17.13.35919.96 d17.13
MinimumVisualStudioVersion = 10.0.40219.1
Project("{FAE04EC0-301F-11D3-BF4B-00C04F79EFBC}") = "Laboratorio(Pag42)", "Laboratorio(Pag42)\Laboratorio(Pag42).csproj", "{F9C49942-ECF8-481C-8853-C982EEDEE18E}"
EndProject
Global
	GlobalSection(SolutionConfigurationPlatforms) = preSolution
		Debug|Any CPU = Debug|Any CPU
		Release|Any CPU = Release|Any CPU
	EndGlobalSection
	GlobalSection(ProjectConfigurationPlatforms) = postSolution
		{F9C49942-ECF8-481C-8853-C982EEDEE18E}.Debug|Any CPU.ActiveCfg = Debug|Any CPU
		{F9C49942-ECF8-481C-8853-C982EEDEE18E}.Debug|Any CPU.Build.0 = Debug|Any CPU
		{F9C49942-ECF8-481C-8853-C982EEDEE18E}.Release|Any CPU.ActiveCfg = Release|Any CPU
		{F9C49942-ECF8-481C-8853-C982EEDEE18E}.Release|Any CPU.Build.0 = Release|Any CPU
	EndGlobalSection
	GlobalSection(SolutionProperties) = preSolution
		HideSolutionNode = FALSE
	EndGlobalSection
	GlobalSection(ExtensibilityGlobals) = postSolution
		SolutionGuid = {5C0B79B3-92F4-4F10-B511-5B936F429D27}
	EndGlobalSection
EndGlobal
